
Microsoft Visual Studio Solution File, Format Version 12.00
# Visual Studio Version 17
VisualStudioVersion = 17.5.33516.290
MinimumVisualStudioVersion = 10.0.40219.1
Project("{FAE04EC0-301F-11D3-BF4B-00C04F79EFBC}") = "ControlDeCodigo", "ControlDeCodigo\ControlDeCodigo.csproj", "{B5AAB224-1C00-43BF-841E-09961E7D108D}"
EndProject
Global
	GlobalSection(SolutionConfigurationPlatforms) = preSolution
		Debug|Any CPU = Debug|Any CPU
		Release|Any CPU = Release|Any CPU
	EndGlobalSection
	GlobalSection(ProjectConfigurationPlatforms) = postSolution
		{B5AAB224-1C00-43BF-841E-09961E7D108D}.Debug|Any CPU.ActiveCfg = Debug|Any CPU
		{B5AAB224-1C00-43BF-841E-09961E7D108D}.Debug|Any CPU.Build.0 = Debug|Any CPU
		{B5AAB224-1C00-43BF-841E-09961E7D108D}.Release|Any CPU.ActiveCfg = Release|Any CPU
		{B5AAB224-1C00-43BF-841E-09961E7D108D}.Release|Any CPU.Build.0 = Release|Any CPU
	EndGlobalSection
	GlobalSection(SolutionProperties) = preSolution
		HideSolutionNode = FALSE
	EndGlobalSection
	GlobalSection(ExtensibilityGlobals) = postSolution
		SolutionGuid = {66F29227-79C0-4DAE-B41E-094D4FEB514D}
	EndGlobalSection
EndGlobal
